
Microsoft Visual Studio Solution File, Format Version 12.00
# Visual Studio Version 16
VisualStudioVersion = 16.0.32602.291
MinimumVisualStudioVersion = 10.0.40219.1
Project("{FAE04EC0-301F-11D3-BF4B-00C04F79EFBC}") = "LINQ_Standard_Query_Operators", "LINQ_Standard_Query_Operators\LINQ_Standard_Query_Operators.csproj", "{2F811160-DD96-49A0-93A4-B1DCAF3EBC19}"
EndProject
Global
	GlobalSection(SolutionConfigurationPlatforms) = preSolution
		Debug|Any CPU = Debug|Any CPU
		Release|Any CPU = Release|Any CPU
	EndGlobalSection
	GlobalSection(ProjectConfigurationPlatforms) = postSolution
		{2F811160-DD96-49A0-93A4-B1DCAF3EBC19}.Debug|Any CPU.ActiveCfg = Debug|Any CPU
		{2F811160-DD96-49A0-93A4-B1DCAF3EBC19}.Debug|Any CPU.Build.0 = Debug|Any CPU
		{2F811160-DD96-49A0-93A4-B1DCAF3EBC19}.Release|Any CPU.ActiveCfg = Release|Any CPU
		{2F811160-DD96-49A0-93A4-B1DCAF3EBC19}.Release|Any CPU.Build.0 = Release|Any CPU
	EndGlobalSection
	GlobalSection(SolutionProperties) = preSolution
		HideSolutionNode = FALSE
	EndGlobalSection
	GlobalSection(ExtensibilityGlobals) = postSolution
		SolutionGuid = {E272DA6F-AB0B-4D80-B416-9F6217FC4426}
	EndGlobalSection
EndGlobal
